{
  "name": "zkt-fetch-retry",
  "version": "2.0.0",
  "lockfileVersion": 1,
  "requires": true,
  "dependencies": {
    "delay": {
      "version": "4.3.0",
      "resolved": "https://registry.npmjs.org/delay/-/delay-4.3.0.tgz",
      "integrity": "sha512-Lwaf3zVFDMBop1yDuFZ19F9WyGcZcGacsbdlZtWjQmM50tOcMntm1njF/Nb/Vjij3KaSvCF+sEYGKrrjObu2NA=="
    },
    "node-fetch": {
      "version": "2.6.7",
      "resolved": "https://registry.npmjs.org/node-fetch/-/node-fetch-2.6.7.tgz",
      "integrity": "sha512-ZjMPFEfVx5j+y2yF35Kzx5sF7kDzxuDj6ziH4FFbOp87zKDZNx8yExJIb05OGF4Nlt9IHFIMBkRl41VdvcNdbQ==",
      "requires": {
        "whatwg-url": "^5.0.0"
      }
    },
    "tr46": {
      "version": "0.0.3",
      "resolved": "https://registry.npmjs.org/tr46/-/tr46-0.0.3.tgz",
      "integrity": "sha1-gYT9NH2snNwYWZLzpmIuFLnZq2o="
    },
    "webidl-conversions": {
      "version": "3.0.1",
      "resolved": "https://registry.npmjs.org/webidl-conversions/-/webidl-conversions-3.0.1.tgz",
      "integrity": "sha1-JFNCdeKnvGvnvIZhHMFq4KVlSHE="
    },
    "whatwg-url": {
      "version": "5.0.0",
      "resolved": "https://registry.npmjs.org/whatwg-url/-/whatwg-url-5.0.0.tgz",
      "integrity": "sha1-lmRU6HZUYuN2RNNib2dCzotwll0=",
      "requires": {
        "tr46": "~0.0.3",
        "webidl-conversions": "^3.0.0"
      }
    },
    "zkt-fetch": {
      "version": "2.0.0",
      "resolved": "https://registry.npmjs.org/zkt-fetch/-/zkt-fetch-2.0.0.tgz",
      "integrity": "sha512-tyqY4YmUecCQnVTcNRBEw5bzc34ZWhrtAAc2E/FwjsKLEQWjacQbYpIhe7gBxDJAJmw8+ut/9mz2LvJFEVQ4Og==",
      "requires": {
        "node-fetch": "^2.6.0"
      }
    }
  }
}
